{
  "name": "capital-gains",
  "requires": true,
  "lockfileVersion": 1,
  "dependencies": {
    "flow-bin": {
      "version": "0.105.1",
      "resolved": "https://registry.npmjs.org/flow-bin/-/flow-bin-0.105.1.tgz",
      "integrity": "sha512-wRI5ogu/+85fgftljAOtnDBx9+2JHToyq2XifzoMmXc5mmB9OE7osukzwi2PuOoEKtq9fu+APRD+MqbEJ8bUwQ==",
      "dev": true
    }
  }
}
